
Microsoft Visual Studio Solution File, Format Version 12.00
# Visual Studio Version 17
VisualStudioVersion = 17.6.33815.320
MinimumVisualStudioVersion = 10.0.40219.1
Project("{9A19103F-16F7-4668-BE54-9A1E7A4F7556}") = "webapp", "webapp\webapp.csproj", "{ED9CFA13-1233-46CB-9E37-13DEB7C712C5}"
EndProject
Project("{E53339B2-1760-4266-BCC7-CA923CBCF16C}") = "docker-compose", "docker-compose.dcproj", "{9D5D751C-A510-4D05-BBC0-1BFBC1D65A81}"
EndProject
Global
	GlobalSection(SolutionConfigurationPlatforms) = preSolution
		Debug|Any CPU = Debug|Any CPU
		Release|Any CPU = Release|Any CPU
	EndGlobalSection
	GlobalSection(ProjectConfigurationPlatforms) = postSolution
		{ED9CFA13-1233-46CB-9E37-13DEB7C712C5}.Debug|Any CPU.ActiveCfg = Debug|Any CPU
		{ED9CFA13-1233-46CB-9E37-13DEB7C712C5}.Debug|Any CPU.Build.0 = Debug|Any CPU
		{ED9CFA13-1233-46CB-9E37-13DEB7C712C5}.Release|Any CPU.ActiveCfg = Release|Any CPU
		{ED9CFA13-1233-46CB-9E37-13DEB7C712C5}.Release|Any CPU.Build.0 = Release|Any CPU
		{9D5D751C-A510-4D05-BBC0-1BFBC1D65A81}.Debug|Any CPU.ActiveCfg = Debug|Any CPU
		{9D5D751C-A510-4D05-BBC0-1BFBC1D65A81}.Debug|Any CPU.Build.0 = Debug|Any CPU
		{9D5D751C-A510-4D05-BBC0-1BFBC1D65A81}.Release|Any CPU.ActiveCfg = Release|Any CPU
		{9D5D751C-A510-4D05-BBC0-1BFBC1D65A81}.Release|Any CPU.Build.0 = Release|Any CPU
	EndGlobalSection
	GlobalSection(SolutionProperties) = preSolution
		HideSolutionNode = FALSE
	EndGlobalSection
	GlobalSection(ExtensibilityGlobals) = postSolution
		SolutionGuid = {22E9AECD-D598-4C8F-ACA5-18C073E778C9}
	EndGlobalSection
EndGlobal
